
Microsoft Visual Studio Solution File, Format Version 12.00
# Visual Studio 15
VisualStudioVersion = 15.0.27703.2035
MinimumVisualStudioVersion = 10.0.40219.1
Project("{FAE04EC0-301F-11D3-BF4B-00C04F79EFBC}") = "ValidID", "ValidID\ValidID.csproj", "{4F090EA4-C055-430F-949A-AAE9E67E7239}"
EndProject
Global
	GlobalSection(SolutionConfigurationPlatforms) = preSolution
		Debug|Any CPU = Debug|Any CPU
		Release|Any CPU = Release|Any CPU
	EndGlobalSection
	GlobalSection(ProjectConfigurationPlatforms) = postSolution
		{4F090EA4-C055-430F-949A-AAE9E67E7239}.Debug|Any CPU.ActiveCfg = Debug|Any CPU
		{4F090EA4-C055-430F-949A-AAE9E67E7239}.Debug|Any CPU.Build.0 = Debug|Any CPU
		{4F090EA4-C055-430F-949A-AAE9E67E7239}.Release|Any CPU.ActiveCfg = Release|Any CPU
		{4F090EA4-C055-430F-949A-AAE9E67E7239}.Release|Any CPU.Build.0 = Release|Any CPU
	EndGlobalSection
	GlobalSection(SolutionProperties) = preSolution
		HideSolutionNode = FALSE
	EndGlobalSection
	GlobalSection(ExtensibilityGlobals) = postSolution
		SolutionGuid = {48ECEC7B-7223-41C4-9AD3-5B0B77DA36FB}
	EndGlobalSection
EndGlobal
